annotated-types==0.7.0 ; python_version >= "3.12"
anyio==4.12.1 ; python_version >= "3.12"
asgiref==3.8.1 ; python_version >= "3.12"
authlib==1.6.6 ; python_version >= "3.12"
black==26.1.0 ; python_version >= "3.12"
certifi==2026.1.4 ; python_version >= "3.12"
cffi==2.0.0 ; python_version >= "3.12" and platform_python_implementation != "PyPy"
charset-normalizer==3.4.4 ; python_version >= "3.12"
click==8.3.1 ; python_version >= "3.12"
colorama==0.4.6 ; python_version >= "3.12" and platform_system == "Windows"
cryptography==46.0.4 ; python_version >= "3.12"
django-cors-headers==4.7.0 ; python_version >= "3.12"
django==5.2.11 ; python_version >= "3.12"
djangorestframework-simplejwt==5.5.1 ; python_version >= "3.12"
djangorestframework==3.16.0 ; python_version >= "3.12"
dparse==0.6.4 ; python_version >= "3.12"
drf-nested-routers==0.94.2 ; python_version >= "3.12"
filelock==3.20.3 ; python_version >= "3.12"
h11==0.16.0 ; python_version >= "3.12"
httpcore==1.0.9 ; python_version >= "3.12"
httpx==0.28.1 ; python_version >= "3.12"
idna==3.11 ; python_version >= "3.12"
jinja2==3.1.6 ; python_version >= "3.12"
joblib==1.5.3 ; python_version >= "3.12"
markdown-it-py==4.0.0 ; python_version >= "3.12"
markupsafe==3.0.3 ; python_version >= "3.12"
marshmallow==4.2.1 ; python_version >= "3.12"
mdurl==0.1.2 ; python_version >= "3.12"
mypy-extensions==1.1.0 ; python_version >= "3.12"
nltk==3.9.2 ; python_version >= "3.12"
packaging==26.0 ; python_version >= "3.12"
pathspec==1.0.4 ; python_version >= "3.12"
pillow==11.3.0 ; python_version >= "3.12"
platformdirs==4.5.1 ; python_version >= "3.12"
pycparser==3.0 ; platform_python_implementation != "PyPy" and implementation_name != "PyPy" and python_version >= "3.12"
pydantic-core==2.41.5 ; python_version >= "3.12"
pydantic==2.12.5 ; python_version >= "3.12"
pygments==2.19.2 ; python_version >= "3.12"
pyjwt==2.9.0 ; python_version >= "3.12"
python-decouple==3.8 ; python_version >= "3.12"
python-dotenv==1.1.1 ; python_version >= "3.12"
pytokens==0.4.1 ; python_version >= "3.12"
regex==2026.1.15 ; python_version >= "3.12"
requests==2.32.5 ; python_version >= "3.12"
rich==14.3.2 ; python_version >= "3.12"
ruamel-yaml==0.19.1 ; python_version >= "3.12"
safety-schemas==0.0.16 ; python_version >= "3.12"
safety==3.7.0 ; python_version >= "3.12"
shellingham==1.5.4 ; python_version >= "3.12"
sqlparse==0.5.3 ; python_version >= "3.12"
tenacity==9.1.2 ; python_version >= "3.12"
tomlkit==0.14.0 ; python_version >= "3.12"
tqdm==4.67.2 ; python_version >= "3.12"
typer==0.21.1 ; python_version >= "3.12"
typing-extensions==4.15.0 ; python_version >= "3.12"
typing-inspection==0.4.2 ; python_version >= "3.12"
tzdata==2025.2 ; python_version >= "3.12"
urllib3==2.6.3 ; python_version >= "3.12"
